
Microsoft Visual Studio Solution File, Format Version 12.00
# Visual Studio Version 16
VisualStudioVersion = 16.0.30503.244
MinimumVisualStudioVersion = 10.0.40219.1
Project("{FAE04EC0-301F-11D3-BF4B-00C04F79EFBC}") = "SandBox", "SandBox\SandBox.csproj", "{45B80366-F023-4ECA-A652-625FEC9C3F6A}"
EndProject
Project("{FAE04EC0-301F-11D3-BF4B-00C04F79EFBC}") = "DefiningClasses", "DefiningClasses\DefiningClasses.csproj", "{109C5A27-A2B3-470E-9D74-F9E2DB95543E}"
EndProject
Project("{FAE04EC0-301F-11D3-BF4B-00C04F79EFBC}") = "DateModifierExercise", "DateModifierExercise\DateModifierExercise.csproj", "{4FD4D173-0D6E-446D-BBDF-2F3AD251EC65}"
EndProject
Project("{FAE04EC0-301F-11D3-BF4B-00C04F79EFBC}") = "SpeedRacing", "SpeedRacing\SpeedRacing.csproj", "{3AFA8C8D-970A-44D9-99C4-49A76E1FB5D8}"
EndProject
Global
	GlobalSection(SolutionConfigurationPlatforms) = preSolution
		Debug|Any CPU = Debug|Any CPU
		Release|Any CPU = Release|Any CPU
	EndGlobalSection
	GlobalSection(ProjectConfigurationPlatforms) = postSolution
		{45B80366-F023-4ECA-A652-625FEC9C3F6A}.Debug|Any CPU.ActiveCfg = Debug|Any CPU
		{45B80366-F023-4ECA-A652-625FEC9C3F6A}.Debug|Any CPU.Build.0 = Debug|Any CPU
		{45B80366-F023-4ECA-A652-625FEC9C3F6A}.Release|Any CPU.ActiveCfg = Release|Any CPU
		{45B80366-F023-4ECA-A652-625FEC9C3F6A}.Release|Any CPU.Build.0 = Release|Any CPU
		{109C5A27-A2B3-470E-9D74-F9E2DB95543E}.Debug|Any CPU.ActiveCfg = Debug|Any CPU
		{109C5A27-A2B3-470E-9D74-F9E2DB95543E}.Debug|Any CPU.Build.0 = Debug|Any CPU
		{109C5A27-A2B3-470E-9D74-F9E2DB95543E}.Release|Any CPU.ActiveCfg = Release|Any CPU
		{109C5A27-A2B3-470E-9D74-F9E2DB95543E}.Release|Any CPU.Build.0 = Release|Any CPU
		{4FD4D173-0D6E-446D-BBDF-2F3AD251EC65}.Debug|Any CPU.ActiveCfg = Debug|Any CPU
		{4FD4D173-0D6E-446D-BBDF-2F3AD251EC65}.Debug|Any CPU.Build.0 = Debug|Any CPU
		{4FD4D173-0D6E-446D-BBDF-2F3AD251EC65}.Release|Any CPU.ActiveCfg = Release|Any CPU
		{4FD4D173-0D6E-446D-BBDF-2F3AD251EC65}.Release|Any CPU.Build.0 = Release|Any CPU
		{3AFA8C8D-970A-44D9-99C4-49A76E1FB5D8}.Debug|Any CPU.ActiveCfg = Debug|Any CPU
		{3AFA8C8D-970A-44D9-99C4-49A76E1FB5D8}.Debug|Any CPU.Build.0 = Debug|Any CPU
		{3AFA8C8D-970A-44D9-99C4-49A76E1FB5D8}.Release|Any CPU.ActiveCfg = Release|Any CPU
		{3AFA8C8D-970A-44D9-99C4-49A76E1FB5D8}.Release|Any CPU.Build.0 = Release|Any CPU
	EndGlobalSection
	GlobalSection(SolutionProperties) = preSolution
		HideSolutionNode = FALSE
	EndGlobalSection
	GlobalSection(ExtensibilityGlobals) = postSolution
		SolutionGuid = {B2C9D578-62E3-46EC-BBD6-BFEDA145B81E}
	EndGlobalSection
EndGlobal
